
Microsoft Visual Studio Solution File, Format Version 12.00
# Visual Studio Express 2012 for Windows Desktop
Project("{FAE04EC0-301F-11D3-BF4B-00C04F79EFBC}") = "PS4 NOR Dump Checker", "PS4 NOR Dump Checker\PS4 NOR Dump Checker.csproj", "{10267FBD-07E3-4307-893C-E0DEB5378F58}"
EndProject
Global
	GlobalSection(SolutionConfigurationPlatforms) = preSolution
		Debug|Any CPU = Debug|Any CPU
		Release|Any CPU = Release|Any CPU
	EndGlobalSection
	GlobalSection(ProjectConfigurationPlatforms) = postSolution
		{10267FBD-07E3-4307-893C-E0DEB5378F58}.Debug|Any CPU.ActiveCfg = Debug|Any CPU
		{10267FBD-07E3-4307-893C-E0DEB5378F58}.Debug|Any CPU.Build.0 = Debug|Any CPU
		{10267FBD-07E3-4307-893C-E0DEB5378F58}.Release|Any CPU.ActiveCfg = Release|Any CPU
		{10267FBD-07E3-4307-893C-E0DEB5378F58}.Release|Any CPU.Build.0 = Release|Any CPU
	EndGlobalSection
	GlobalSection(SolutionProperties) = preSolution
		HideSolutionNode = FALSE
	EndGlobalSection
EndGlobal
